
Microsoft Visual Studio Solution File, Format Version 12.00
# Visual Studio Version 16
VisualStudioVersion = 25.0.1703.5
MinimumVisualStudioVersion = 10.0.40219.1
Project("{FAE04EC0-301F-11D3-BF4B-00C04F79EFBC}") = "CodefirstByEF6", "CodefirstByEF6.csproj", "{D1F1CC27-619C-4B34-8B39-E47D01C80EB7}"
EndProject
Global
	GlobalSection(SolutionConfigurationPlatforms) = preSolution
		Debug|Any CPU = Debug|Any CPU
		Release|Any CPU = Release|Any CPU
	EndGlobalSection
	GlobalSection(ProjectConfigurationPlatforms) = postSolution
		{D1F1CC27-619C-4B34-8B39-E47D01C80EB7}.Debug|Any CPU.ActiveCfg = Debug|Any CPU
		{D1F1CC27-619C-4B34-8B39-E47D01C80EB7}.Debug|Any CPU.Build.0 = Debug|Any CPU
		{D1F1CC27-619C-4B34-8B39-E47D01C80EB7}.Release|Any CPU.ActiveCfg = Release|Any CPU
		{D1F1CC27-619C-4B34-8B39-E47D01C80EB7}.Release|Any CPU.Build.0 = Release|Any CPU
	EndGlobalSection
	GlobalSection(SolutionProperties) = preSolution
		HideSolutionNode = FALSE
	EndGlobalSection
	GlobalSection(ExtensibilityGlobals) = postSolution
		SolutionGuid = {DD4BF012-F045-4A73-8B24-EF7EEA844C1D}
	EndGlobalSection
EndGlobal
